
Microsoft Visual Studio Solution File, Format Version 12.00
# Visual Studio Version 17
VisualStudioVersion = 17.2.32526.322
MinimumVisualStudioVersion = 10.0.40219.1
Project("{8BC9CEB8-8B4A-11D0-8D11-00A0C91BC942}") = "M03UF4_Breakout_7", "M03UF4_Breakout_7\M03UF4_Breakout_7.vcxproj", "{AFA54ADB-964D-43D3-BE67-1886D4D45915}"
EndProject
Global
	GlobalSection(SolutionConfigurationPlatforms) = preSolution
		Debug|x64 = Debug|x64
		Debug|x86 = Debug|x86
		Release|x64 = Release|x64
		Release|x86 = Release|x86
	EndGlobalSection
	GlobalSection(ProjectConfigurationPlatforms) = postSolution
		{AFA54ADB-964D-43D3-BE67-1886D4D45915}.Debug|x64.ActiveCfg = Debug|x64
		{AFA54ADB-964D-43D3-BE67-1886D4D45915}.Debug|x64.Build.0 = Debug|x64
		{AFA54ADB-964D-43D3-BE67-1886D4D45915}.Debug|x86.ActiveCfg = Debug|Win32
		{AFA54ADB-964D-43D3-BE67-1886D4D45915}.Debug|x86.Build.0 = Debug|Win32
		{AFA54ADB-964D-43D3-BE67-1886D4D45915}.Release|x64.ActiveCfg = Release|x64
		{AFA54ADB-964D-43D3-BE67-1886D4D45915}.Release|x64.Build.0 = Release|x64
		{AFA54ADB-964D-43D3-BE67-1886D4D45915}.Release|x86.ActiveCfg = Release|Win32
		{AFA54ADB-964D-43D3-BE67-1886D4D45915}.Release|x86.Build.0 = Release|Win32
	EndGlobalSection
	GlobalSection(SolutionProperties) = preSolution
		HideSolutionNode = FALSE
	EndGlobalSection
	GlobalSection(ExtensibilityGlobals) = postSolution
		SolutionGuid = {A13BB0D2-C709-45E8-A2C5-D8D9CBB58EFD}
	EndGlobalSection
EndGlobal
